// !$*UTF8*$!
{
	archiveVersion = 1;
	classes = {
	};
	objectVersion = 50;
	objects = {

/* Begin PBXBuildFile section */
		3F3DE797272747FC0082ABD1 /* TestView.swift in Sources */ = {isa = PBXBuildFile; fileRef = 3F3DE796272747FC0082ABD1 /* TestView.swift */; };
		3F59034D273B1AB000191DA5 /* GameView.swift in Sources */ = {isa = PBXBuildFile; fileRef = 3F59034C273B1AAF00191DA5 /* GameView.swift */; };
		3FD1634A2727014D00575323 /* BlackJackApp.swift in Sources */ = {isa = PBXBuildFile; fileRef = 3FD163492727014D00575323 /* BlackJackApp.swift */; };
		3FD1634C2727014D00575323 /* ContentView.swift in Sources */ = {isa = PBXBuildFile; fileRef = 3FD1634B2727014D00575323 /* ContentView.swift */; };
		3FD1634E2727015100575323 /* Assets.xcassets in Resources */ = {isa = PBXBuildFile; fileRef = 3FD1634D2727015100575323 /* Assets.xcassets */; };
		3FD163512727015100575323 /* Preview Assets.xcassets in Resources */ = {isa = PBXBuildFile; fileRef = 3FD163502727015100575323 /* Preview Assets.xcassets */; };
		3FD1635C2727015100575323 /* BlackJackTests.swift in Sources */ = {isa = PBXBuildFile; fileRef = 3FD1635B2727015100575323 /* BlackJackTests.swift */; };
		3FD163672727015100575323 /* BlackJackUITests.swift in Sources */ = {isa = PBXBuildFile; fileRef = 3FD163662727015100575323 /* BlackJackUITests.swift */; };
/* End PBXBuildFile section */

/* Begin PBXContainerItemProxy section */
		3FD163582727015100575323 /* PBXContainerItemProxy */ = {
			isa = PBXContainerItemProxy;
			containerPortal = 3FD1633E2727014D00575323 /* Project object */;
			proxyType = 1;
			remoteGlobalIDString = 3FD163452727014D00575323;
			remoteInfo = BlackJack;
		};
		3FD163632727015100575323 /* PBXContainerItemProxy */ = {
			isa = PBXContainerItemProxy;
			containerPortal = 3FD1633E2727014D00575323 /* Project object */;
			proxyType = 1;
			remoteGlobalIDString = 3FD163452727014D00575323;
			remoteInfo = BlackJack;
		};
/* End PBXContainerItemProxy section */

/* Begin PBXFileReference section */
		3F3DE796272747FC0082ABD1 /* TestView.swift */ = {isa = PBXFileReference; lastKnownFileType = sourcecode.swift; path = TestView.swift; sourceTree = "<group>"; };
		3F59034C273B1AAF00191DA5 /* GameView.swift */ = {isa = PBXFileReference; lastKnownFileType = sourcecode.swift; path = GameView.swift; sourceTree = "<group>"; };
		3FD163462727014D00575323 /* BlackJack.app */ = {isa = PBXFileReference; explicitFileType = wrapper.application; includeInIndex = 0; path = BlackJack.app; sourceTree = BUILT_PRODUCTS_DIR; };
		3FD163492727014D00575323 /* BlackJackApp.swift */ = {isa = PBXFileReference; lastKnownFileType = sourcecode.swift; path = BlackJackApp.swift; sourceTree = "<group>"; };
		3FD1634B2727014D00575323 /* ContentView.swift */ = {isa = PBXFileReference; lastKnownFileType = sourcecode.swift; path = ContentView.swift; sourceTree = "<group>"; };
		3FD1634D2727015100575323 /* Assets.xcassets */ = {isa = PBXFileReference; lastKnownFileType = folder.assetcatalog; path = Assets.xcassets; sourceTree = "<group>"; };
		3FD163502727015100575323 /* Preview Assets.xcassets */ = {isa = PBXFileReference; lastKnownFileType = folder.assetcatalog; path = "Preview Assets.xcassets"; sourceTree = "<group>"; };
		3FD163522727015100575323 /* Info.plist */ = {isa = PBXFileReference; lastKnownFileType = text.plist.xml; path = Info.plist; sourceTree = "<group>"; };
		3FD163572727015100575323 /* BlackJackTests.xctest */ = {isa = PBXFileReference; explicitFileType = wrapper.cfbundle; includeInIndex = 0; path = BlackJackTests.xctest; sourceTree = BUILT_PRODUCTS_DIR; };
		3FD1635B2727015100575323 /* BlackJackTests.swift */ = {isa = PBXFileReference; lastKnownFileType = sourcecode.swift; path = BlackJackTests.swift; sourceTree = "<group>"; };
		3FD1635D2727015100575323 /* Info.plist */ = {isa = PBXFileReference; lastKnownFileType = text.plist.xml; path = Info.plist; sourceTree = "<group>"; };
		3FD163622727015100575323 /* BlackJackUITests.xctest */ = {isa = PBXFileReference; explicitFileType = wrapper.cfbundle; includeInIndex = 0; path = BlackJackUITests.xctest; sourceTree = BUILT_PRODUCTS_DIR; };
		3FD163662727015100575323 /* BlackJackUITests.swift */ = {isa = PBXFileReference; lastKnownFileType = sourcecode.swift; path = BlackJackUITests.swift; sourceTree = "<group>"; };
		3FD163682727015100575323 /* Info.plist */ = {isa = PBXFileReference; lastKnownFileType = text.plist.xml; path = Info.plist; sourceTree = "<group>"; };
/* End PBXFileReference section */

/* Begin PBXFrameworksBuildPhase section */
		3FD163432727014D00575323 /* Frameworks */ = {
			isa = PBXFrameworksBuildPhase;
			buildActionMask = 2147483647;
			files = (
			);
			runOnlyForDeploymentPostprocessing = 0;
		};
		3FD163542727015100575323 /* Frameworks */ = {
			isa = PBXFrameworksBuildPhase;
			buildActionMask = 2147483647;
			files = (
			);
			runOnlyForDeploymentPostprocessing = 0;
		};
		3FD1635F2727015100575323 /* Frameworks */ = {
			isa = PBXFrameworksBuildPhase;
			buildActionMask = 2147483647;
			files = (
			);
			runOnlyForDeploymentPostprocessing = 0;
		};
/* End PBXFrameworksBuildPhase section */

/* Begin PBXGroup section */
		3FD1633D2727014D00575323 = {
			isa = PBXGroup;
			children = (
				3FD163482727014D00575323 /* BlackJack */,
				3FD1635A2727015100575323 /* BlackJackTests */,
				3FD163652727015100575323 /* BlackJackUITests */,
				3FD163472727014D00575323 /* Products */,
			);
			sourceTree = "<group>";
		};
		3FD163472727014D00575323 /* Products */ = {
			isa = PBXGroup;
			children = (
				3FD163462727014D00575323 /* BlackJack.app */,
				3FD163572727015100575323 /* BlackJackTests.xctest */,
				3FD163622727015100575323 /* BlackJackUITests.xctest */,
			);
			name = Products;
			sourceTree = "<group>";
		};
		3FD163482727014D00575323 /* BlackJack */ = {
			isa = PBXGroup;
			children = (
				3FD163492727014D00575323 /* BlackJackApp.swift */,
				3FD1634B2727014D00575323 /* ContentView.swift */,
				3F3DE796272747FC0082ABD1 /* TestView.swift */,
				3F59034C273B1AAF00191DA5 /* GameView.swift */,
				3FD1634D2727015100575323 /* Assets.xcassets */,
				3FD163522727015100575323 /* Info.plist */,
				3FD1634F2727015100575323 /* Preview Content */,
			);
			path = BlackJack;
			sourceTree = "<group>";
		};
		3FD1634F2727015100575323 /* Preview Content */ = {
			isa = PBXGroup;
			children = (
				3FD163502727015100575323 /* Preview Assets.xcassets */,
			);
			path = "Preview Content";
			sourceTree = "<group>";
		};
		3FD1635A2727015100575323 /* BlackJackTests */ = {
			isa = PBXGroup;
			children = (
				3FD1635B2727015100575323 /* BlackJackTests.swift */,
				3FD1635D2727015100575323 /* Info.plist */,
			);
			path = BlackJackTests;
			sourceTree = "<group>";
		};
		3FD163652727015100575323 /* BlackJackUITests */ = {
			isa = PBXGroup;
			children = (
				3FD163662727015100575323 /* BlackJackUITests.swift */,
				3FD163682727015100575323 /* Info.plist */,
			);
			path = BlackJackUITests;
			sourceTree = "<group>";
		};
/* End PBXGroup section */

/* Begin PBXNativeTarget section */
		3FD163452727014D00575323 /* BlackJack */ = {
			isa = PBXNativeTarget;
			buildConfigurationList = 3FD1636B2727015100575323 /* Build configuration list for PBXNativeTarget "BlackJack" */;
			buildPhases = (
				3FD163422727014D00575323 /* Sources */,
				3FD163432727014D00575323 /* Frameworks */,
				3FD163442727014D00575323 /* Resources */,
			);
			buildRules = (
			);
			dependencies = (
			);
			name = BlackJack;
			productName = BlackJack;
			productReference = 3FD163462727014D00575323 /* BlackJack.app */;
			productType = "com.apple.product-type.application";
		};
		3FD163562727015100575323 /* BlackJackTests */ = {
			isa = PBXNativeTarget;
			buildConfigurationList = 3FD1636E2727015100575323 /* Build configuration list for PBXNativeTarget "BlackJackTests" */;
			buildPhases = (
				3FD163532727015100575323 /* Sources */,
				3FD163542727015100575323 /* Frameworks */,
				3FD163552727015100575323 /* Resources */,
			);
			buildRules = (
			);
			dependencies = (
				3FD163592727015100575323 /* PBXTargetDependency */,
			);
			name = BlackJackTests;
			productName = BlackJackTests;
			productReference = 3FD163572727015100575323 /* BlackJackTests.xctest */;
			productType = "com.apple.product-type.bundle.unit-test";
		};
		3FD163612727015100575323 /* BlackJackUITests */ = {
			isa = PBXNativeTarget;
			buildConfigurationList = 3FD163712727015100575323 /* Build configuration list for PBXNativeTarget "BlackJackUITests" */;
			buildPhases = (
				3FD1635E2727015100575323 /* Sources */,
				3FD1635F2727015100575323 /* Frameworks */,
				3FD163602727015100575323 /* Resources */,
			);
			buildRules = (
			);
			dependencies = (
				3FD163642727015100575323 /* PBXTargetDependency */,
			);
			name = BlackJackUITests;
			productName = BlackJackUITests;
			productReference = 3FD163622727015100575323 /* BlackJackUITests.xctest */;
			productType = "com.apple.product-type.bundle.ui-testing";
		};
/* End PBXNativeTarget section */

/* Begin PBXProject section */
		3FD1633E2727014D00575323 /* Project object */ = {
			isa = PBXProject;
			attributes = {
				LastSwiftUpdateCheck = 1250;
				LastUpgradeCheck = 1250;
				TargetAttributes = {
					3FD163452727014D00575323 = {
						CreatedOnToolsVersion = 12.5.1;
					};
					3FD163562727015100575323 = {
						CreatedOnToolsVersion = 12.5.1;
						TestTargetID = 3FD163452727014D00575323;
					};
					3FD163612727015100575323 = {
						CreatedOnToolsVersion = 12.5.1;
						TestTargetID = 3FD163452727014D00575323;
					};
				};
			};
			buildConfigurationList = 3FD163412727014D00575323 /* Build configuration list for PBXProject "BlackJack" */;
			compatibilityVersion = "Xcode 9.3";
			developmentRegion = en;
			hasScannedForEncodings = 0;
			knownRegions = (
				en,
				Base,
			);
			mainGroup = 3FD1633D2727014D00575323;
			productRefGroup = 3FD163472727014D00575323 /* Products */;
			projectDirPath = "";
			projectRoot = "";
			targets = (
				3FD163452727014D00575323 /* BlackJack */,
				3FD163562727015100575323 /* BlackJackTests */,
				3FD163612727015100575323 /* BlackJackUITests */,
			);
		};
/* End PBXProject section */

/* Begin PBXResourcesBuildPhase section */
		3FD163442727014D00575323 /* Resources */ = {
			isa = PBXResourcesBuildPhase;
			buildActionMask = 2147483647;
			files = (
				3FD163512727015100575323 /* Preview Assets.xcassets in Resources */,
				3FD1634E2727015100575323 /* Assets.xcassets in Resources */,
			);
			runOnlyForDeploymentPostprocessing = 0;
		};
		3FD163552727015100575323 /* Resources */ = {
			isa = PBXResourcesBuildPhase;
			buildActionMask = 2147483647;
			files = (
			);
			runOnlyForDeploymentPostprocessing = 0;
		};
		3FD163602727015100575323 /* Resources */ = {
			isa = PBXResourcesBuildPhase;
			buildActionMask = 2147483647;
			files = (
			);
			runOnlyForDeploymentPostprocessing = 0;
		};
/* End PBXResourcesBuildPhase section */

/* Begin PBXSourcesBuildPhase section */
		3FD163422727014D00575323 /* Sources */ = {
			isa = PBXSourcesBuildPhase;
			buildActionMask = 2147483647;
			files = (
				3F3DE797272747FC0082ABD1 /* TestView.swift in Sources */,
				3FD1634C2727014D00575323 /* ContentView.swift in Sources */,
				3F59034D273B1AB000191DA5 /* GameView.swift in Sources */,
				3FD1634A2727014D00575323 /* BlackJackApp.swift in Sources */,
			);
			runOnlyForDeploymentPostprocessing = 0;
		};
		3FD163532727015100575323 /* Sources */ = {
			isa = PBXSourcesBuildPhase;
			buildActionMask = 2147483647;
			files = (
				3FD1635C2727015100575323 /* BlackJackTests.swift in Sources */,
			);
			runOnlyForDeploymentPostprocessing = 0;
		};
		3FD1635E2727015100575323 /* Sources */ = {
			isa = PBXSourcesBuildPhase;
			buildActionMask = 2147483647;
			files = (
				3FD163672727015100575323 /* BlackJackUITests.swift in Sources */,
			);
			runOnlyForDeploymentPostprocessing = 0;
		};
/* End PBXSourcesBuildPhase section */

/* Begin PBXTargetDependency section */
		3FD163592727015100575323 /* PBXTargetDependency */ = {
			isa = PBXTargetDependency;
			target = 3FD163452727014D00575323 /* BlackJack */;
			targetProxy = 3FD163582727015100575323 /* PBXContainerItemProxy */;
		};
		3FD163642727015100575323 /* PBXTargetDependency */ = {
			isa = PBXTargetDependency;
			target = 3FD163452727014D00575323 /* BlackJack */;
			targetProxy = 3FD163632727015100575323 /* PBXContainerItemProxy */;
		};
/* End PBXTargetDependency section */

/* Begin XCBuildConfiguration section */
		3FD163692727015100575323 /* Debug */ = {
			isa = XCBuildConfiguration;
			buildSettings = {
				ALWAYS_SEARCH_USER_PATHS = NO;
				CLANG_ANALYZER_NONNULL = YES;
				CLANG_ANALYZER_NUMBER_OBJECT_CONVERSION = YES_AGGRESSIVE;
				CLANG_CXX_LANGUAGE_STANDARD = "gnu++14";
				CLANG_CXX_LIBRARY = "libc++";
				CLANG_ENABLE_MODULES = YES;
				CLANG_ENABLE_OBJC_ARC = YES;
				CLANG_ENABLE_OBJC_WEAK = YES;
				CLANG_WARN_BLOCK_CAPTURE_AUTORELEASING = YES;
				CLANG_WARN_BOOL_CONVERSION = YES;
				CLANG_WARN_COMMA = YES;
				CLANG_WARN_CONSTANT_CONVERSION = YES;
				CLANG_WARN_DEPRECATED_OBJC_IMPLEMENTATIONS = YES;
				CLANG_WARN_DIRECT_OBJC_ISA_USAGE = YES_ERROR;
				CLANG_WARN_DOCUMENTATION_COMMENTS = YES;
				CLANG_WARN_EMPTY_BODY = YES;
				CLANG_WARN_ENUM_CONVERSION = YES;
				CLANG_WARN_INFINITE_RECURSION = YES;
				CLANG_WARN_INT_CONVERSION = YES;
				CLANG_WARN_NON_LITERAL_NULL_CONVERSION = YES;
				CLANG_WARN_OBJC_IMPLICIT_RETAIN_SELF = YES;
				CLANG_WARN_OBJC_LITERAL_CONVERSION = YES;
				CLANG_WARN_OBJC_ROOT_CLASS = YES_ERROR;
				CLANG_WARN_QUOTED_INCLUDE_IN_FRAMEWORK_HEADER = YES;
				CLANG_WARN_RANGE_LOOP_ANALYSIS = YES;
				CLANG_WARN_STRICT_PROTOTYPES = YES;
				CLANG_WARN_SUSPICIOUS_MOVE = YES;
				CLANG_WARN_UNGUARDED_AVAILABILITY = YES_AGGRESSIVE;
				CLANG_WARN_UNREACHABLE_CODE = YES;
				CLANG_WARN__DUPLICATE_METHOD_MATCH = YES;
				COPY_PHASE_STRIP = NO;
				DEBUG_INFORMATION_FORMAT = dwarf;
				ENABLE_STRICT_OBJC_MSGSEND = YES;
				ENABLE_TESTABILITY = YES;
				GCC_C_LANGUAGE_STANDARD = gnu11;
				GCC_DYNAMIC_NO_PIC = NO;
				GCC_NO_COMMON_BLOCKS = YES;
				GCC_OPTIMIZATION_LEVEL = 0;
				GCC_PREPROCESSOR_DEFINITIONS = (
					"DEBUG=1",
					"$(inherited)",
				);
				GCC_WARN_64_TO_32_BIT_CONVERSION = YES;
				GCC_WARN_ABOUT_RETURN_TYPE = YES_ERROR;
				GCC_WARN_UNDECLARED_SELECTOR = YES;
				GCC_WARN_UNINITIALIZED_AUTOS = YES_AGGRESSIVE;
				GCC_WARN_UNUSED_FUNCTION = YES;
				GCC_WARN_UNUSED_VARIABLE = YES;
				IPHONEOS_DEPLOYMENT_TARGET = 14.5;
				MTL_ENABLE_DEBUG_INFO = INCLUDE_SOURCE;
				MTL_FAST_MATH = YES;
				ONLY_ACTIVE_ARCH = YES;
				SDKROOT = iphoneos;
				SWIFT_ACTIVE_COMPILATION_CONDITIONS = DEBUG;
				SWIFT_OPTIMIZATION_LEVEL = "-Onone";
			};
			name = Debug;
		};
		3FD1636A2727015100575323 /* Release */ = {
			isa = XCBuildConfiguration;
			buildSettings = {
				ALWAYS_SEARCH_USER_PATHS = NO;
				CLANG_ANALYZER_NONNULL = YES;
				CLANG_ANALYZER_NUMBER_OBJECT_CONVERSION = YES_AGGRESSIVE;
				CLANG_CXX_LANGUAGE_STANDARD = "gnu++14";
				CLANG_CXX_LIBRARY = "libc++";
				CLANG_ENABLE_MODULES = YES;
				CLANG_ENABLE_OBJC_ARC = YES;
				CLANG_ENABLE_OBJC_WEAK = YES;
				CLANG_WARN_BLOCK_CAPTURE_AUTORELEASING = YES;
				CLANG_WARN_BOOL_CONVERSION = YES;
				CLANG_WARN_COMMA = YES;
				CLANG_WARN_CONSTANT_CONVERSION = YES;
				CLANG_WARN_DEPRECATED_OBJC_IMPLEMENTATIONS = YES;
				CLANG_WARN_DIRECT_OBJC_ISA_USAGE = YES_ERROR;
				CLANG_WARN_DOCUMENTATION_COMMENTS = YES;
				CLANG_WARN_EMPTY_BODY = YES;
				CLANG_WARN_ENUM_CONVERSION = YES;
				CLANG_WARN_INFINITE_RECURSION = YES;
				CLANG_WARN_INT_CONVERSION = YES;
				CLANG_WARN_NON_LITERAL_NULL_CONVERSION = YES;
				CLANG_WARN_OBJC_IMPLICIT_RETAIN_SELF = YES;
				CLANG_WARN_OBJC_LITERAL_CONVERSION = YES;
				CLANG_WARN_OBJC_ROOT_CLASS = YES_ERROR;
				CLANG_WARN_QUOTED_INCLUDE_IN_FRAMEWORK_HEADER = YES;
				CLANG_WARN_RANGE_LOOP_ANALYSIS = YES;
				CLANG_WARN_STRICT_PROTOTYPES = YES;
				CLANG_WARN_SUSPICIOUS_MOVE = YES;
				CLANG_WARN_UNGUARDED_AVAILABILITY = YES_AGGRESSIVE;
				CLANG_WARN_UNREACHABLE_CODE = YES;
				CLANG_WARN__DUPLICATE_METHOD_MATCH = YES;
				COPY_PHASE_STRIP = NO;
				DEBUG_INFORMATION_FORMAT = "dwarf-with-dsym";
				ENABLE_NS_ASSERTIONS = NO;
				ENABLE_STRICT_OBJC_MSGSEND = YES;
				GCC_C_LANGUAGE_STANDARD = gnu11;
				GCC_NO_COMMON_BLOCKS = YES;
				GCC_WARN_64_TO_32_BIT_CONVERSION = YES;
				GCC_WARN_ABOUT_RETURN_TYPE = YES_ERROR;
				GCC_WARN_UNDECLARED_SELECTOR = YES;
				GCC_WARN_UNINITIALIZED_AUTOS = YES_AGGRESSIVE;
				GCC_WARN_UNUSED_FUNCTION = YES;
				GCC_WARN_UNUSED_VARIABLE = YES;
				IPHONEOS_DEPLOYMENT_TARGET = 14.5;
				MTL_ENABLE_DEBUG_INFO = NO;
				MTL_FAST_MATH = YES;
				SDKROOT = iphoneos;
				SWIFT_COMPILATION_MODE = wholemodule;
				SWIFT_OPTIMIZATION_LEVEL = "-O";
				VALIDATE_PRODUCT = YES;
			};
			name = Release;
		};
		3FD1636C2727015100575323 /* Debug */ = {
			isa = XCBuildConfiguration;
			buildSettings = {
				ASSETCATALOG_COMPILER_APPICON_NAME = AppIcon;
				ASSETCATALOG_COMPILER_GLOBAL_ACCENT_COLOR_NAME = AccentColor;
				CODE_SIGN_STYLE = Automatic;
				DEVELOPMENT_ASSET_PATHS = "\"BlackJack/Preview Content\"";
				DEVELOPMENT_TEAM = FH76A842AA;
				ENABLE_PREVIEWS = YES;
				INFOPLIST_FILE = BlackJack/Info.plist;
				IPHONEOS_DEPLOYMENT_TARGET = 14.0;
				LD_RUNPATH_SEARCH_PATHS = (
					"$(inherited)",
					"@executable_path/Frameworks",
				);
				PRODUCT_BUNDLE_IDENTIFIER = FGI.BlackJack;
				PRODUCT_NAME = "$(TARGET_NAME)";
				SWIFT_VERSION = 5.0;
				TARGETED_DEVICE_FAMILY = "1,2";
			};
			name = Debug;
		};
		3FD1636D2727015100575323 /* Release */ = {
			isa = XCBuildConfiguration;
			buildSettings = {
				ASSETCATALOG_COMPILER_APPICON_NAME = AppIcon;
				ASSETCATALOG_COMPILER_GLOBAL_ACCENT_COLOR_NAME = AccentColor;
				CODE_SIGN_STYLE = Automatic;
				DEVELOPMENT_ASSET_PATHS = "\"BlackJack/Preview Content\"";
				DEVELOPMENT_TEAM = FH76A842AA;
				ENABLE_PREVIEWS = YES;
				INFOPLIST_FILE = BlackJack/Info.plist;
				IPHONEOS_DEPLOYMENT_TARGET = 14.0;
				LD_RUNPATH_SEARCH_PATHS = (
					"$(inherited)",
					"@executable_path/Frameworks",
				);
				PRODUCT_BUNDLE_IDENTIFIER = FGI.BlackJack;
				PRODUCT_NAME = "$(TARGET_NAME)";
				SWIFT_VERSION = 5.0;
				TARGETED_DEVICE_FAMILY = "1,2";
			};
			name = Release;
		};
		3FD1636F2727015100575323 /* Debug */ = {
			isa = XCBuildConfiguration;
			buildSettings = {
				ALWAYS_EMBED_SWIFT_STANDARD_LIBRARIES = YES;
				BUNDLE_LOADER = "$(TEST_HOST)";
				CODE_SIGN_STYLE = Automatic;
				DEVELOPMENT_TEAM = FH76A842AA;
				INFOPLIST_FILE = BlackJackTests/Info.plist;
				IPHONEOS_DEPLOYMENT_TARGET = 14.0;
				LD_RUNPATH_SEARCH_PATHS = (
					"$(inherited)",
					"@executable_path/Frameworks",
					"@loader_path/Frameworks",
				);
				PRODUCT_BUNDLE_IDENTIFIER = FGI.BlackJackTests;
				PRODUCT_NAME = "$(TARGET_NAME)";
				SWIFT_VERSION = 5.0;
				TARGETED_DEVICE_FAMILY = "1,2";
				TEST_HOST = "$(BUILT_PRODUCTS_DIR)/BlackJack.app/BlackJack";
			};
			name = Debug;
		};
		3FD163702727015100575323 /* Release */ = {
			isa = XCBuildConfiguration;
			buildSettings = {
				ALWAYS_EMBED_SWIFT_STANDARD_LIBRARIES = YES;
				BUNDLE_LOADER = "$(TEST_HOST)";
				CODE_SIGN_STYLE = Automatic;
				DEVELOPMENT_TEAM = FH76A842AA;
				INFOPLIST_FILE = BlackJackTests/Info.plist;
				IPHONEOS_DEPLOYMENT_TARGET = 14.0;
				LD_RUNPATH_SEARCH_PATHS = (
					"$(inherited)",
					"@executable_path/Frameworks",
					"@loader_path/Frameworks",
				);
				PRODUCT_BUNDLE_IDENTIFIER = FGI.BlackJackTests;
				PRODUCT_NAME = "$(TARGET_NAME)";
				SWIFT_VERSION = 5.0;
				TARGETED_DEVICE_FAMILY = "1,2";
				TEST_HOST = "$(BUILT_PRODUCTS_DIR)/BlackJack.app/BlackJack";
			};
			name = Release;
		};
		3FD163722727015100575323 /* Debug */ = {
			isa = XCBuildConfiguration;
			buildSettings = {
				ALWAYS_EMBED_SWIFT_STANDARD_LIBRARIES = YES;
				CODE_SIGN_STYLE = Automatic;
				DEVELOPMENT_TEAM = FH76A842AA;
				INFOPLIST_FILE = BlackJackUITests/Info.plist;
				LD_RUNPATH_SEARCH_PATHS = (
					"$(inherited)",
					"@executable_path/Frameworks",
					"@loader_path/Frameworks",
				);
				PRODUCT_BUNDLE_IDENTIFIER = FGI.BlackJackUITests;
				PRODUCT_NAME = "$(TARGET_NAME)";
				SWIFT_VERSION = 5.0;
				TARGETED_DEVICE_FAMILY = "1,2";
				TEST_TARGET_NAME = BlackJack;
			};
			name = Debug;
		};
		3FD163732727015100575323 /* Release */ = {
			isa = XCBuildConfiguration;
			buildSettings = {
				ALWAYS_EMBED_SWIFT_STANDARD_LIBRARIES = YES;
				CODE_SIGN_STYLE = Automatic;
				DEVELOPMENT_TEAM = FH76A842AA;
				INFOPLIST_FILE = BlackJackUITests/Info.plist;
				LD_RUNPATH_SEARCH_PATHS = (
					"$(inherited)",
					"@executable_path/Frameworks",
					"@loader_path/Frameworks",
				);
				PRODUCT_BUNDLE_IDENTIFIER = FGI.BlackJackUITests;
				PRODUCT_NAME = "$(TARGET_NAME)";
				SWIFT_VERSION = 5.0;
				TARGETED_DEVICE_FAMILY = "1,2";
				TEST_TARGET_NAME = BlackJack;
			};
			name = Release;
		};
/* End XCBuildConfiguration section */

/* Begin XCConfigurationList section */
		3FD163412727014D00575323 /* Build configuration list for PBXProject "BlackJack" */ = {
			isa = XCConfigurationList;
			buildConfigurations = (
				3FD163692727015100575323 /* Debug */,
				3FD1636A2727015100575323 /* Release */,
			);
			defaultConfigurationIsVisible = 0;
			defaultConfigurationName = Release;
		};
		3FD1636B2727015100575323 /* Build configuration list for PBXNativeTarget "BlackJack" */ = {
			isa = XCConfigurationList;
			buildConfigurations = (
				3FD1636C2727015100575323 /* Debug */,
				3FD1636D2727015100575323 /* Release */,
			);
			defaultConfigurationIsVisible = 0;
			defaultConfigurationName = Release;
		};
		3FD1636E2727015100575323 /* Build configuration list for PBXNativeTarget "BlackJackTests" */ = {
			isa = XCConfigurationList;
			buildConfigurations = (
				3FD1636F2727015100575323 /* Debug */,
				3FD163702727015100575323 /* Release */,
			);
			defaultConfigurationIsVisible = 0;
			defaultConfigurationName = Release;
		};
		3FD163712727015100575323 /* Build configuration list for PBXNativeTarget "BlackJackUITests" */ = {
			isa = XCConfigurationList;
			buildConfigurations = (
				3FD163722727015100575323 /* Debug */,
				3FD163732727015100575323 /* Release */,
			);
			defaultConfigurationIsVisible = 0;
			defaultConfigurationName = Release;
		};
/* End XCConfigurationList section */
	};
	rootObject = 3FD1633E2727014D00575323 /* Project object */;
}
